
Microsoft Visual Studio Solution File, Format Version 12.00
# Visual Studio Version 16
VisualStudioVersion = 16.0.29920.165
MinimumVisualStudioVersion = 10.0.40219.1
Project("{FAE04EC0-301F-11D3-BF4B-00C04F79EFBC}") = "LocadoraDeCarro", "LocadoraDeCarro\LocadoraDeCarro.csproj", "{5C5DDAE7-841F-468E-B71D-C64F3AFB962E}"
EndProject
Project("{2150E333-8FDC-42A3-9474-1A3956D46DE8}") = "Presentacao", "Presentacao", "{6FA419E3-5763-4DF4-9E41-66AA2EBF4FC0}"
EndProject
Project("{9A19103F-16F7-4668-BE54-9A1E7A4F7556}") = "LocadoraDeCarro", "Presentacao\LocadoraDeCarro\LocadoraDeCarro.csproj", "{26E03BF6-607D-4478-B746-7042920B0A47}"
EndProject
Project("{2150E333-8FDC-42A3-9474-1A3956D46DE8}") = "Negocio", "Negocio", "{15B507C0-515C-4808-8718-A0EDE1FEA921}"
EndProject
Project("{2150E333-8FDC-42A3-9474-1A3956D46DE8}") = "Dados", "Dados", "{D91E7E48-2CE1-4B71-AE3F-83BADECA9CBD}"
EndProject
Global
	GlobalSection(SolutionConfigurationPlatforms) = preSolution
		Debug|Any CPU = Debug|Any CPU
		Release|Any CPU = Release|Any CPU
	EndGlobalSection
	GlobalSection(ProjectConfigurationPlatforms) = postSolution
		{5C5DDAE7-841F-468E-B71D-C64F3AFB962E}.Debug|Any CPU.ActiveCfg = Debug|Any CPU
		{5C5DDAE7-841F-468E-B71D-C64F3AFB962E}.Debug|Any CPU.Build.0 = Debug|Any CPU
		{5C5DDAE7-841F-468E-B71D-C64F3AFB962E}.Release|Any CPU.ActiveCfg = Release|Any CPU
		{5C5DDAE7-841F-468E-B71D-C64F3AFB962E}.Release|Any CPU.Build.0 = Release|Any CPU
		{26E03BF6-607D-4478-B746-7042920B0A47}.Debug|Any CPU.ActiveCfg = Debug|Any CPU
		{26E03BF6-607D-4478-B746-7042920B0A47}.Debug|Any CPU.Build.0 = Debug|Any CPU
		{26E03BF6-607D-4478-B746-7042920B0A47}.Release|Any CPU.ActiveCfg = Release|Any CPU
		{26E03BF6-607D-4478-B746-7042920B0A47}.Release|Any CPU.Build.0 = Release|Any CPU
	EndGlobalSection
	GlobalSection(SolutionProperties) = preSolution
		HideSolutionNode = FALSE
	EndGlobalSection
	GlobalSection(NestedProjects) = preSolution
		{26E03BF6-607D-4478-B746-7042920B0A47} = {6FA419E3-5763-4DF4-9E41-66AA2EBF4FC0}
	EndGlobalSection
	GlobalSection(ExtensibilityGlobals) = postSolution
		SolutionGuid = {FECE731B-24BC-4381-B4A7-AC4E961E33B8}
	EndGlobalSection
EndGlobal
